
Microsoft Visual Studio Solution File, Format Version 12.00
# Visual Studio Version 17
VisualStudioVersion = 17.12.35707.178 d17.12
MinimumVisualStudioVersion = 10.0.40219.1
Project("{FAE04EC0-301F-11D3-BF4B-00C04F79EFBC}") = "DataAccess", "DataAccess\DataAccess.csproj", "{6C4C01E8-CC87-400C-B00E-99BF412BB11C}"
EndProject
Project("{FAE04EC0-301F-11D3-BF4B-00C04F79EFBC}") = "BusinessLogic", "BusinessLogic\BusinessLogic.csproj", "{B7DB0863-C905-456F-99A5-6F5F7265A7E5}"
EndProject
Global
	GlobalSection(SolutionConfigurationPlatforms) = preSolution
		Debug|Any CPU = Debug|Any CPU
		Release|Any CPU = Release|Any CPU
	EndGlobalSection
	GlobalSection(ProjectConfigurationPlatforms) = postSolution
		{6C4C01E8-CC87-400C-B00E-99BF412BB11C}.Debug|Any CPU.ActiveCfg = Debug|Any CPU
		{6C4C01E8-CC87-400C-B00E-99BF412BB11C}.Debug|Any CPU.Build.0 = Debug|Any CPU
		{6C4C01E8-CC87-400C-B00E-99BF412BB11C}.Release|Any CPU.ActiveCfg = Release|Any CPU
		{6C4C01E8-CC87-400C-B00E-99BF412BB11C}.Release|Any CPU.Build.0 = Release|Any CPU
		{B7DB0863-C905-456F-99A5-6F5F7265A7E5}.Debug|Any CPU.ActiveCfg = Debug|Any CPU
		{B7DB0863-C905-456F-99A5-6F5F7265A7E5}.Debug|Any CPU.Build.0 = Debug|Any CPU
		{B7DB0863-C905-456F-99A5-6F5F7265A7E5}.Release|Any CPU.ActiveCfg = Release|Any CPU
		{B7DB0863-C905-456F-99A5-6F5F7265A7E5}.Release|Any CPU.Build.0 = Release|Any CPU
	EndGlobalSection
	GlobalSection(SolutionProperties) = preSolution
		HideSolutionNode = FALSE
	EndGlobalSection
EndGlobal
